
Microsoft Visual Studio Solution File, Format Version 12.00
Project("{FAE04EC0-301F-11D3-BF4B-00C04F79EFBC}") = "boltprompt", "boltprompt\boltprompt.csproj", "{C4C47D01-DBA0-44D0-937A-F5F409E2E3E1}"
EndProject
Project("{FAE04EC0-301F-11D3-BF4B-00C04F79EFBC}") = "boltprompt.Tests", "boltprompt.Tests\boltprompt.Tests.csproj", "{4E37D93E-D59D-44AD-BBCE-15F19B864D89}"
EndProject
Project("{FAE04EC0-301F-11D3-BF4B-00C04F79EFBC}") = "LanguageModels", "LanguageModels\LanguageModels\LanguageModels.csproj", "{70DA5DA8-5278-4355-BC47-30367E7957C3}"
EndProject
Global
	GlobalSection(SolutionConfigurationPlatforms) = preSolution
		Debug|Any CPU = Debug|Any CPU
		Release|Any CPU = Release|Any CPU
	EndGlobalSection
	GlobalSection(ProjectConfigurationPlatforms) = postSolution
		{C4C47D01-DBA0-44D0-937A-F5F409E2E3E1}.Debug|Any CPU.ActiveCfg = Debug|Any CPU
		{C4C47D01-DBA0-44D0-937A-F5F409E2E3E1}.Debug|Any CPU.Build.0 = Debug|Any CPU
		{C4C47D01-DBA0-44D0-937A-F5F409E2E3E1}.Release|Any CPU.ActiveCfg = Release|Any CPU
		{C4C47D01-DBA0-44D0-937A-F5F409E2E3E1}.Release|Any CPU.Build.0 = Release|Any CPU
		{4E37D93E-D59D-44AD-BBCE-15F19B864D89}.Debug|Any CPU.ActiveCfg = Debug|Any CPU
		{4E37D93E-D59D-44AD-BBCE-15F19B864D89}.Debug|Any CPU.Build.0 = Debug|Any CPU
		{4E37D93E-D59D-44AD-BBCE-15F19B864D89}.Release|Any CPU.ActiveCfg = Release|Any CPU
		{4E37D93E-D59D-44AD-BBCE-15F19B864D89}.Release|Any CPU.Build.0 = Release|Any CPU
		{70DA5DA8-5278-4355-BC47-30367E7957C3}.Debug|Any CPU.ActiveCfg = Debug|Any CPU
		{70DA5DA8-5278-4355-BC47-30367E7957C3}.Debug|Any CPU.Build.0 = Debug|Any CPU
		{70DA5DA8-5278-4355-BC47-30367E7957C3}.Release|Any CPU.ActiveCfg = Release|Any CPU
		{70DA5DA8-5278-4355-BC47-30367E7957C3}.Release|Any CPU.Build.0 = Release|Any CPU
	EndGlobalSection
EndGlobal
